Microsoft Visual Studio Solution File, Format Version 11.00
# Visual Studio 2017

Project("{8BC9CEB8-8B4A-11D0-8D11-00A0C91BC942}") = "Composer - App", "Composer_App.vcxproj", "{F2E17567-90C3-D748-BF63-6B3D367D07CE}"
EndProject
Global
	GlobalSection(SolutionConfigurationPlatforms) = preSolution
		Debug|Win32 = Debug|Win32
		Release|Win32 = Release|Win32
	EndGlobalSection
	GlobalSection(ProjectConfigurationPlatforms) = postSolution
		{F2E17567-90C3-D748-BF63-6B3D367D07CE}.Debug|Win32.ActiveCfg = Debug|Win32
		{F2E17567-90C3-D748-BF63-6B3D367D07CE}.Debug|Win32.Build.0 = Debug|Win32
		{F2E17567-90C3-D748-BF63-6B3D367D07CE}.Release|Win32.ActiveCfg = Release|Win32
		{F2E17567-90C3-D748-BF63-6B3D367D07CE}.Release|Win32.Build.0 = Release|Win32
	EndGlobalSection
	GlobalSection(SolutionProperties) = preSolution
		HideSolutionNode = FALSE
	EndGlobalSection
EndGlobal
